
Microsoft Visual Studio Solution File, Format Version 12.00
Project("{FAE04EC0-301F-11D3-BF4B-00C04F79EFBC}") = "AulaDemo3", "AulaDemo3\AulaDemo3.csproj", "{8D3168F6-E4F0-41DD-9701-15752A3B172B}"
EndProject
Global
	GlobalSection(SolutionConfigurationPlatforms) = preSolution
		Debug|Any CPU = Debug|Any CPU
		Release|Any CPU = Release|Any CPU
	EndGlobalSection
	GlobalSection(ProjectConfigurationPlatforms) = postSolution
		{8D3168F6-E4F0-41DD-9701-15752A3B172B}.Debug|Any CPU.ActiveCfg = Debug|Any CPU
		{8D3168F6-E4F0-41DD-9701-15752A3B172B}.Debug|Any CPU.Build.0 = Debug|Any CPU
		{8D3168F6-E4F0-41DD-9701-15752A3B172B}.Release|Any CPU.ActiveCfg = Release|Any CPU
		{8D3168F6-E4F0-41DD-9701-15752A3B172B}.Release|Any CPU.Build.0 = Release|Any CPU
	EndGlobalSection
EndGlobal
